
Microsoft Visual Studio Solution File, Format Version 12.00
Project("{FAE04EC0-301F-11D3-BF4B-00C04F79EFBC}") = "MAR", "MAR\MAR.csproj", "{737AE1EF-66CA-45F0-A1BA-F2A2D61DA02D}"
EndProject
Global
	GlobalSection(SolutionConfigurationPlatforms) = preSolution
		Debug|Any CPU = Debug|Any CPU
		Release|Any CPU = Release|Any CPU
	EndGlobalSection
	GlobalSection(ProjectConfigurationPlatforms) = postSolution
		{737AE1EF-66CA-45F0-A1BA-F2A2D61DA02D}.Debug|Any CPU.ActiveCfg = Debug|Any CPU
		{737AE1EF-66CA-45F0-A1BA-F2A2D61DA02D}.Debug|Any CPU.Build.0 = Debug|Any CPU
		{737AE1EF-66CA-45F0-A1BA-F2A2D61DA02D}.Release|Any CPU.ActiveCfg = Release|Any CPU
		{737AE1EF-66CA-45F0-A1BA-F2A2D61DA02D}.Release|Any CPU.Build.0 = Release|Any CPU
	EndGlobalSection
EndGlobal
